
Microsoft Visual Studio Solution File, Format Version 12.00
# Visual Studio Version 17
VisualStudioVersion = 17.8.34316.72
MinimumVisualStudioVersion = 10.0.40219.1
Project("{FAE04EC0-301F-11D3-BF4B-00C04F79EFBC}") = "MazeGeneration", "MazeGeneration\MazeGeneration.csproj", "{B95A0F4D-F681-4B70-89BD-DD8680084E12}"
EndProject
Global
	GlobalSection(SolutionConfigurationPlatforms) = preSolution
		Debug|Any CPU = Debug|Any CPU
		Release|Any CPU = Release|Any CPU
	EndGlobalSection
	GlobalSection(ProjectConfigurationPlatforms) = postSolution
		{B95A0F4D-F681-4B70-89BD-DD8680084E12}.Debug|Any CPU.ActiveCfg = Debug|Any CPU
		{B95A0F4D-F681-4B70-89BD-DD8680084E12}.Debug|Any CPU.Build.0 = Debug|Any CPU
		{B95A0F4D-F681-4B70-89BD-DD8680084E12}.Release|Any CPU.ActiveCfg = Release|Any CPU
		{B95A0F4D-F681-4B70-89BD-DD8680084E12}.Release|Any CPU.Build.0 = Release|Any CPU
	EndGlobalSection
	GlobalSection(SolutionProperties) = preSolution
		HideSolutionNode = FALSE
	EndGlobalSection
	GlobalSection(ExtensibilityGlobals) = postSolution
		SolutionGuid = {7637C252-AE43-4771-86FE-3F4A2D77DCAE}
	EndGlobalSection
EndGlobal
